Microsoft Visual Studio Solution File, Format Version 11.00
# Visual Studio 2008

Project("{7AF5F96C-F534-6A77-93AC-C46DB856CE2D}") = "JogoSeguranca", "Assembly-CSharp.csproj", "{96E7B6FB-8029-7958-5009-D6EE6F2F9A13}"
EndProject
Project("{7AF5F96C-F534-6A77-93AC-C46DB856CE2D}") = "JogoSeguranca", "Assembly-CSharp-Editor.csproj", "{EB1C952C-17AD-D5AD-F127-9CAFED67C162}"
EndProject
Global
	GlobalSection(SolutionConfigurationPlatforms) = preSolution
		Debug|Any CPU = Debug|Any CPU
		Release|Any CPU = Release|Any CPU
	EndGlobalSection
	GlobalSection(ProjectConfigurationPlatforms) = postSolution
		{96E7B6FB-8029-7958-5009-D6EE6F2F9A13}.Debug|Any CPU.ActiveCfg = Debug|Any CPU
		{96E7B6FB-8029-7958-5009-D6EE6F2F9A13}.Debug|Any CPU.Build.0 = Debug|Any CPU
		{96E7B6FB-8029-7958-5009-D6EE6F2F9A13}.Release|Any CPU.ActiveCfg = Release|Any CPU
		{96E7B6FB-8029-7958-5009-D6EE6F2F9A13}.Release|Any CPU.Build.0 = Release|Any CPU
		{EB1C952C-17AD-D5AD-F127-9CAFED67C162}.Debug|Any CPU.ActiveCfg = Debug|Any CPU
		{EB1C952C-17AD-D5AD-F127-9CAFED67C162}.Debug|Any CPU.Build.0 = Debug|Any CPU
		{EB1C952C-17AD-D5AD-F127-9CAFED67C162}.Release|Any CPU.ActiveCfg = Release|Any CPU
		{EB1C952C-17AD-D5AD-F127-9CAFED67C162}.Release|Any CPU.Build.0 = Release|Any CPU
	EndGlobalSection
	GlobalSection(SolutionProperties) = preSolution
		HideSolutionNode = FALSE
	EndGlobalSection
	GlobalSection(MonoDevelopProperties) = preSolution
		StartupItem = Assembly-CSharp.csproj
	EndGlobalSection
EndGlobal
